// !$*UTF8*$!
{
	archiveVersion = 1;
	classes = {
	};
	objectVersion = 50;
	objects = {

/* Begin PBXBuildFile section */
		8A34F27F23CDC9A600C2DE06 /* AppDelegate.swift in Sources */ = {isa = PBXBuildFile; fileRef = 8A34F27E23CDC9A600C2DE06 /* AppDelegate.swift */; };
		8A34F28623CDC9A600C2DE06 /* Main.storyboard in Resources */ = {isa = PBXBuildFile; fileRef = 8A34F28423CDC9A600C2DE06 /* Main.storyboard */; };
		8A34F28923CDC9A600C2DE06 /* memeMeV2.xcdatamodeld in Sources */ = {isa = PBXBuildFile; fileRef = 8A34F28723CDC9A600C2DE06 /* memeMeV2.xcdatamodeld */; };
		8A34F28B23CDC9A900C2DE06 /* Assets.xcassets in Resources */ = {isa = PBXBuildFile; fileRef = 8A34F28A23CDC9A900C2DE06 /* Assets.xcassets */; };
		8A34F28E23CDC9A900C2DE06 /* LaunchScreen.storyboard in Resources */ = {isa = PBXBuildFile; fileRef = 8A34F28C23CDC9A900C2DE06 /* LaunchScreen.storyboard */; };
		8A34F29623CDC9E000C2DE06 /* CollectionViewController.swift in Sources */ = {isa = PBXBuildFile; fileRef = 8A34F29523CDC9E000C2DE06 /* CollectionViewController.swift */; };
		8A34F29823CDC9FF00C2DE06 /* CreateMemeVC.swift in Sources */ = {isa = PBXBuildFile; fileRef = 8A34F29723CDC9FF00C2DE06 /* CreateMemeVC.swift */; };
		8A34F29A23CDCA1E00C2DE06 /* Meme.swift in Sources */ = {isa = PBXBuildFile; fileRef = 8A34F29923CDCA1E00C2DE06 /* Meme.swift */; };
		8A34F29C23CDCA4200C2DE06 /* MemeCollectionViewCell.swift in Sources */ = {isa = PBXBuildFile; fileRef = 8A34F29B23CDCA4200C2DE06 /* MemeCollectionViewCell.swift */; };
		8A34F29E23CDCA6E00C2DE06 /* MemeDetailViewController.swift in Sources */ = {isa = PBXBuildFile; fileRef = 8A34F29D23CDCA6E00C2DE06 /* MemeDetailViewController.swift */; };
		8A34F2A023CDCA8400C2DE06 /* TableViewController.swift in Sources */ = {isa = PBXBuildFile; fileRef = 8A34F29F23CDCA8400C2DE06 /* TableViewController.swift */; };
/* End PBXBuildFile section */

/* Begin PBXFileReference section */
		8A34F27B23CDC9A600C2DE06 /* memeMeV2.app */ = {isa = PBXFileReference; explicitFileType = wrapper.application; includeInIndex = 0; path = memeMeV2.app; sourceTree = BUILT_PRODUCTS_DIR; };
		8A34F27E23CDC9A600C2DE06 /* AppDelegate.swift */ = {isa = PBXFileReference; lastKnownFileType = sourcecode.swift; path = AppDelegate.swift; sourceTree = "<group>"; };
		8A34F28523CDC9A600C2DE06 /* Base */ = {isa = PBXFileReference; lastKnownFileType = file.storyboard; name = Base; path = Base.lproj/Main.storyboard; sourceTree = "<group>"; };
		8A34F28823CDC9A600C2DE06 /* memeMeV2.xcdatamodel */ = {isa = PBXFileReference; lastKnownFileType = wrapper.xcdatamodel; path = memeMeV2.xcdatamodel; sourceTree = "<group>"; };
		8A34F28A23CDC9A900C2DE06 /* Assets.xcassets */ = {isa = PBXFileReference; lastKnownFileType = folder.assetcatalog; path = Assets.xcassets; sourceTree = "<group>"; };
		8A34F28D23CDC9A900C2DE06 /* Base */ = {isa = PBXFileReference; lastKnownFileType = file.storyboard; name = Base; path = Base.lproj/LaunchScreen.storyboard; sourceTree = "<group>"; };
		8A34F28F23CDC9A900C2DE06 /* Info.plist */ = {isa = PBXFileReference; lastKnownFileType = text.plist.xml; path = Info.plist; sourceTree = "<group>"; };
		8A34F29523CDC9E000C2DE06 /* CollectionViewController.swift */ = {isa = PBXFileReference; lastKnownFileType = sourcecode.swift; path = CollectionViewController.swift; sourceTree = "<group>"; };
		8A34F29723CDC9FF00C2DE06 /* CreateMemeVC.swift */ = {isa = PBXFileReference; lastKnownFileType = sourcecode.swift; path = CreateMemeVC.swift; sourceTree = "<group>"; };
		8A34F29923CDCA1E00C2DE06 /* Meme.swift */ = {isa = PBXFileReference; lastKnownFileType = sourcecode.swift; path = Meme.swift; sourceTree = "<group>"; };
		8A34F29B23CDCA4200C2DE06 /* MemeCollectionViewCell.swift */ = {isa = PBXFileReference; lastKnownFileType = sourcecode.swift; path = MemeCollectionViewCell.swift; sourceTree = "<group>"; };
		8A34F29D23CDCA6E00C2DE06 /* MemeDetailViewController.swift */ = {isa = PBXFileReference; lastKnownFileType = sourcecode.swift; path = MemeDetailViewController.swift; sourceTree = "<group>"; };
		8A34F29F23CDCA8400C2DE06 /* TableViewController.swift */ = {isa = PBXFileReference; lastKnownFileType = sourcecode.swift; path = TableViewController.swift; sourceTree = "<group>"; };
/* End PBXFileReference section */

/* Begin PBXFrameworksBuildPhase section */
		8A34F27823CDC9A600C2DE06 /* Frameworks */ = {
			isa = PBXFrameworksBuildPhase;
			buildActionMask = 2147483647;
			files = (
			);
			runOnlyForDeploymentPostprocessing = 0;
		};
/* End PBXFrameworksBuildPhase section */

/* Begin PBXGroup section */
		8A34F27223CDC9A600C2DE06 = {
			isa = PBXGroup;
			children = (
				8A34F27D23CDC9A600C2DE06 /* memeMeV2 */,
				8A34F27C23CDC9A600C2DE06 /* Products */,
			);
			sourceTree = "<group>";
		};
		8A34F27C23CDC9A600C2DE06 /* Products */ = {
			isa = PBXGroup;
			children = (
				8A34F27B23CDC9A600C2DE06 /* memeMeV2.app */,
			);
			name = Products;
			sourceTree = "<group>";
		};
		8A34F27D23CDC9A600C2DE06 /* memeMeV2 */ = {
			isa = PBXGroup;
			children = (
				8A34F27E23CDC9A600C2DE06 /* AppDelegate.swift */,
				8A34F28423CDC9A600C2DE06 /* Main.storyboard */,
				8A34F28A23CDC9A900C2DE06 /* Assets.xcassets */,
				8A34F28C23CDC9A900C2DE06 /* LaunchScreen.storyboard */,
				8A34F28F23CDC9A900C2DE06 /* Info.plist */,
				8A34F28723CDC9A600C2DE06 /* memeMeV2.xcdatamodeld */,
				8A34F29523CDC9E000C2DE06 /* CollectionViewController.swift */,
				8A34F29723CDC9FF00C2DE06 /* CreateMemeVC.swift */,
				8A34F29923CDCA1E00C2DE06 /* Meme.swift */,
				8A34F29B23CDCA4200C2DE06 /* MemeCollectionViewCell.swift */,
				8A34F29D23CDCA6E00C2DE06 /* MemeDetailViewController.swift */,
				8A34F29F23CDCA8400C2DE06 /* TableViewController.swift */,
			);
			path = memeMeV2;
			sourceTree = "<group>";
		};
/* End PBXGroup section */

/* Begin PBXNativeTarget section */
		8A34F27A23CDC9A600C2DE06 /* memeMeV2 */ = {
			isa = PBXNativeTarget;
			buildConfigurationList = 8A34F29223CDC9A900C2DE06 /* Build configuration list for PBXNativeTarget "memeMeV2" */;
			buildPhases = (
				8A34F27723CDC9A600C2DE06 /* Sources */,
				8A34F27823CDC9A600C2DE06 /* Frameworks */,
				8A34F27923CDC9A600C2DE06 /* Resources */,
			);
			buildRules = (
			);
			dependencies = (
			);
			name = memeMeV2;
			productName = memeMeV2;
			productReference = 8A34F27B23CDC9A600C2DE06 /* memeMeV2.app */;
			productType = "com.apple.product-type.application";
		};
/* End PBXNativeTarget section */

/* Begin PBXProject section */
		8A34F27323CDC9A600C2DE06 /* Project object */ = {
			isa = PBXProject;
			attributes = {
				LastSwiftUpdateCheck = 1130;
				LastUpgradeCheck = 1130;
				ORGANIZATIONNAME = Udacity;
				TargetAttributes = {
					8A34F27A23CDC9A600C2DE06 = {
						CreatedOnToolsVersion = 11.3;
					};
				};
			};
			buildConfigurationList = 8A34F27623CDC9A600C2DE06 /* Build configuration list for PBXProject "memeMeV2" */;
			compatibilityVersion = "Xcode 9.3";
			developmentRegion = en;
			hasScannedForEncodings = 0;
			knownRegions = (
				en,
				Base,
			);
			mainGroup = 8A34F27223CDC9A600C2DE06;
			productRefGroup = 8A34F27C23CDC9A600C2DE06 /* Products */;
			projectDirPath = "";
			projectRoot = "";
			targets = (
				8A34F27A23CDC9A600C2DE06 /* memeMeV2 */,
			);
		};
/* End PBXProject section */

/* Begin PBXResourcesBuildPhase section */
		8A34F27923CDC9A600C2DE06 /* Resources */ = {
			isa = PBXResourcesBuildPhase;
			buildActionMask = 2147483647;
			files = (
				8A34F28E23CDC9A900C2DE06 /* LaunchScreen.storyboard in Resources */,
				8A34F28B23CDC9A900C2DE06 /* Assets.xcassets in Resources */,
				8A34F28623CDC9A600C2DE06 /* Main.storyboard in Resources */,
			);
			runOnlyForDeploymentPostprocessing = 0;
		};
/* End PBXResourcesBuildPhase section */

/* Begin PBXSourcesBuildPhase section */
		8A34F27723CDC9A600C2DE06 /* Sources */ = {
			isa = PBXSourcesBuildPhase;
			buildActionMask = 2147483647;
			files = (
				8A34F29E23CDCA6E00C2DE06 /* MemeDetailViewController.swift in Sources */,
				8A34F27F23CDC9A600C2DE06 /* AppDelegate.swift in Sources */,
				8A34F2A023CDCA8400C2DE06 /* TableViewController.swift in Sources */,
				8A34F29C23CDCA4200C2DE06 /* MemeCollectionViewCell.swift in Sources */,
				8A34F29A23CDCA1E00C2DE06 /* Meme.swift in Sources */,
				8A34F29823CDC9FF00C2DE06 /* CreateMemeVC.swift in Sources */,
				8A34F28923CDC9A600C2DE06 /* memeMeV2.xcdatamodeld in Sources */,
				8A34F29623CDC9E000C2DE06 /* CollectionViewController.swift in Sources */,
			);
			runOnlyForDeploymentPostprocessing = 0;
		};
/* End PBXSourcesBuildPhase section */

/* Begin PBXVariantGroup section */
		8A34F28423CDC9A600C2DE06 /* Main.storyboard */ = {
			isa = PBXVariantGroup;
			children = (
				8A34F28523CDC9A600C2DE06 /* Base */,
			);
			name = Main.storyboard;
			sourceTree = "<group>";
		};
		8A34F28C23CDC9A900C2DE06 /* LaunchScreen.storyboard */ = {
			isa = PBXVariantGroup;
			children = (
				8A34F28D23CDC9A900C2DE06 /* Base */,
			);
			name = LaunchScreen.storyboard;
			sourceTree = "<group>";
		};
/* End PBXVariantGroup section */

/* Begin XCBuildConfiguration section */
		8A34F29023CDC9A900C2DE06 /* Debug */ = {
			isa = XCBuildConfiguration;
			buildSettings = {
				ALWAYS_SEARCH_USER_PATHS = NO;
				CLANG_ANALYZER_NONNULL = YES;
				CLANG_ANALYZER_NUMBER_OBJECT_CONVERSION = YES_AGGRESSIVE;
				CLANG_CXX_LANGUAGE_STANDARD = "gnu++14";
				CLANG_CXX_LIBRARY = "libc++";
				CLANG_ENABLE_MODULES = YES;
				CLANG_ENABLE_OBJC_ARC = YES;
				CLANG_ENABLE_OBJC_WEAK = YES;
				CLANG_WARN_BLOCK_CAPTURE_AUTORELEASING = YES;
				CLANG_WARN_BOOL_CONVERSION = YES;
				CLANG_WARN_COMMA = YES;
				CLANG_WARN_CONSTANT_CONVERSION = YES;
				CLANG_WARN_DEPRECATED_OBJC_IMPLEMENTATIONS = YES;
				CLANG_WARN_DIRECT_OBJC_ISA_USAGE = YES_ERROR;
				CLANG_WARN_DOCUMENTATION_COMMENTS = YES;
				CLANG_WARN_EMPTY_BODY = YES;
				CLANG_WARN_ENUM_CONVERSION = YES;
				CLANG_WARN_INFINITE_RECURSION = YES;
				CLANG_WARN_INT_CONVERSION = YES;
				CLANG_WARN_NON_LITERAL_NULL_CONVERSION = YES;
				CLANG_WARN_OBJC_IMPLICIT_RETAIN_SELF = YES;
				CLANG_WARN_OBJC_LITERAL_CONVERSION = YES;
				CLANG_WARN_OBJC_ROOT_CLASS = YES_ERROR;
				CLANG_WARN_RANGE_LOOP_ANALYSIS = YES;
				CLANG_WARN_STRICT_PROTOTYPES = YES;
				CLANG_WARN_SUSPICIOUS_MOVE = YES;
				CLANG_WARN_UNGUARDED_AVAILABILITY = YES_AGGRESSIVE;
				CLANG_WARN_UNREACHABLE_CODE = YES;
				CLANG_WARN__DUPLICATE_METHOD_MATCH = YES;
				COPY_PHASE_STRIP = NO;
				DEBUG_INFORMATION_FORMAT = dwarf;
				ENABLE_STRICT_OBJC_MSGSEND = YES;
				ENABLE_TESTABILITY = YES;
				GCC_C_LANGUAGE_STANDARD = gnu11;
				GCC_DYNAMIC_NO_PIC = NO;
				GCC_NO_COMMON_BLOCKS = YES;
				GCC_OPTIMIZATION_LEVEL = 0;
				GCC_PREPROCESSOR_DEFINITIONS = (
					"DEBUG=1",
					"$(inherited)",
				);
				GCC_WARN_64_TO_32_BIT_CONVERSION = YES;
				GCC_WARN_ABOUT_RETURN_TYPE = YES_ERROR;
				GCC_WARN_UNDECLARED_SELECTOR = YES;
				GCC_WARN_UNINITIALIZED_AUTOS = YES_AGGRESSIVE;
				GCC_WARN_UNUSED_FUNCTION = YES;
				GCC_WARN_UNUSED_VARIABLE = YES;
				IPHONEOS_DEPLOYMENT_TARGET = 13.2;
				MTL_ENABLE_DEBUG_INFO = INCLUDE_SOURCE;
				MTL_FAST_MATH = YES;
				ONLY_ACTIVE_ARCH = YES;
				SDKROOT = iphoneos;
				SWIFT_ACTIVE_COMPILATION_CONDITIONS = DEBUG;
				SWIFT_OPTIMIZATION_LEVEL = "-Onone";
			};
			name = Debug;
		};
		8A34F29123CDC9A900C2DE06 /* Release */ = {
			isa = XCBuildConfiguration;
			buildSettings = {
				ALWAYS_SEARCH_USER_PATHS = NO;
				CLANG_ANALYZER_NONNULL = YES;
				CLANG_ANALYZER_NUMBER_OBJECT_CONVERSION = YES_AGGRESSIVE;
				CLANG_CXX_LANGUAGE_STANDARD = "gnu++14";
				CLANG_CXX_LIBRARY = "libc++";
				CLANG_ENABLE_MODULES = YES;
				CLANG_ENABLE_OBJC_ARC = YES;
				CLANG_ENABLE_OBJC_WEAK = YES;
				CLANG_WARN_BLOCK_CAPTURE_AUTORELEASING = YES;
				CLANG_WARN_BOOL_CONVERSION = YES;
				CLANG_WARN_COMMA = YES;
				CLANG_WARN_CONSTANT_CONVERSION = YES;
				CLANG_WARN_DEPRECATED_OBJC_IMPLEMENTATIONS = YES;
				CLANG_WARN_DIRECT_OBJC_ISA_USAGE = YES_ERROR;
				CLANG_WARN_DOCUMENTATION_COMMENTS = YES;
				CLANG_WARN_EMPTY_BODY = YES;
				CLANG_WARN_ENUM_CONVERSION = YES;
				CLANG_WARN_INFINITE_RECURSION = YES;
				CLANG_WARN_INT_CONVERSION = YES;
				CLANG_WARN_NON_LITERAL_NULL_CONVERSION = YES;
				CLANG_WARN_OBJC_IMPLICIT_RETAIN_SELF = YES;
				CLANG_WARN_OBJC_LITERAL_CONVERSION = YES;
				CLANG_WARN_OBJC_ROOT_CLASS = YES_ERROR;
				CLANG_WARN_RANGE_LOOP_ANALYSIS = YES;
				CLANG_WARN_STRICT_PROTOTYPES = YES;
				CLANG_WARN_SUSPICIOUS_MOVE = YES;
				CLANG_WARN_UNGUARDED_AVAILABILITY = YES_AGGRESSIVE;
				CLANG_WARN_UNREACHABLE_CODE = YES;
				CLANG_WARN__DUPLICATE_METHOD_MATCH = YES;
				COPY_PHASE_STRIP = NO;
				DEBUG_INFORMATION_FORMAT = "dwarf-with-dsym";
				ENABLE_NS_ASSERTIONS = NO;
				ENABLE_STRICT_OBJC_MSGSEND = YES;
				GCC_C_LANGUAGE_STANDARD = gnu11;
				GCC_NO_COMMON_BLOCKS = YES;
				GCC_WARN_64_TO_32_BIT_CONVERSION = YES;
				GCC_WARN_ABOUT_RETURN_TYPE = YES_ERROR;
				GCC_WARN_UNDECLARED_SELECTOR = YES;
				GCC_WARN_UNINITIALIZED_AUTOS = YES_AGGRESSIVE;
				GCC_WARN_UNUSED_FUNCTION = YES;
				GCC_WARN_UNUSED_VARIABLE = YES;
				IPHONEOS_DEPLOYMENT_TARGET = 13.2;
				MTL_ENABLE_DEBUG_INFO = NO;
				MTL_FAST_MATH = YES;
				SDKROOT = iphoneos;
				SWIFT_COMPILATION_MODE = wholemodule;
				SWIFT_OPTIMIZATION_LEVEL = "-O";
				VALIDATE_PRODUCT = YES;
			};
			name = Release;
		};
		8A34F29323CDC9A900C2DE06 /* Debug */ = {
			isa = XCBuildConfiguration;
			buildSettings = {
				ASSETCATALOG_COMPILER_APPICON_NAME = AppIcon;
				CODE_SIGN_STYLE = Automatic;
				DEVELOPMENT_TEAM = DT65Z395VM;
				INFOPLIST_FILE = memeMeV2/Info.plist;
				LD_RUNPATH_SEARCH_PATHS = (
					"$(inherited)",
					"@executable_path/Frameworks",
				);
				PRODUCT_BUNDLE_IDENTIFIER = com.Udacity.memeMeV2;
				PRODUCT_NAME = "$(TARGET_NAME)";
				SWIFT_VERSION = 5.0;
				TARGETED_DEVICE_FAMILY = "1,2";
			};
			name = Debug;
		};
		8A34F29423CDC9A900C2DE06 /* Release */ = {
			isa = XCBuildConfiguration;
			buildSettings = {
				ASSETCATALOG_COMPILER_APPICON_NAME = AppIcon;
				CODE_SIGN_STYLE = Automatic;
				DEVELOPMENT_TEAM = DT65Z395VM;
				INFOPLIST_FILE = memeMeV2/Info.plist;
				LD_RUNPATH_SEARCH_PATHS = (
					"$(inherited)",
					"@executable_path/Frameworks",
				);
				PRODUCT_BUNDLE_IDENTIFIER = com.Udacity.memeMeV2;
				PRODUCT_NAME = "$(TARGET_NAME)";
				SWIFT_VERSION = 5.0;
				TARGETED_DEVICE_FAMILY = "1,2";
			};
			name = Release;
		};
/* End XCBuildConfiguration section */

/* Begin XCConfigurationList section */
		8A34F27623CDC9A600C2DE06 /* Build configuration list for PBXProject "memeMeV2" */ = {
			isa = XCConfigurationList;
			buildConfigurations = (
				8A34F29023CDC9A900C2DE06 /* Debug */,
				8A34F29123CDC9A900C2DE06 /* Release */,
			);
			defaultConfigurationIsVisible = 0;
			defaultConfigurationName = Release;
		};
		8A34F29223CDC9A900C2DE06 /* Build configuration list for PBXNativeTarget "memeMeV2" */ = {
			isa = XCConfigurationList;
			buildConfigurations = (
				8A34F29323CDC9A900C2DE06 /* Debug */,
				8A34F29423CDC9A900C2DE06 /* Release */,
			);
			defaultConfigurationIsVisible = 0;
			defaultConfigurationName = Release;
		};
/* End XCConfigurationList section */

/* Begin XCVersionGroup section */
		8A34F28723CDC9A600C2DE06 /* memeMeV2.xcdatamodeld */ = {
			isa = XCVersionGroup;
			children = (
				8A34F28823CDC9A600C2DE06 /* memeMeV2.xcdatamodel */,
			);
			currentVersion = 8A34F28823CDC9A600C2DE06 /* memeMeV2.xcdatamodel */;
			path = memeMeV2.xcdatamodeld;
			sourceTree = "<group>";
			versionGroupType = wrapper.xcdatamodel;
		};
/* End XCVersionGroup section */
	};
	rootObject = 8A34F27323CDC9A600C2DE06 /* Project object */;
}
